// !$*UTF8*$!
{
	archiveVersion = 1;
	classes = {
	};
	objectVersion = 50;
	objects = {

/* Begin PBXBuildFile section */
		7B3CDF3A2430A093006FB667 /* QuestionStrategy.swift in Sources */ = {isa = PBXBuildFile; fileRef = 7B3CDF392430A093006FB667 /* QuestionStrategy.swift */; };
		7B3CDF3C2430A267006FB667 /* SequentialQuestionStrategy.swift in Sources */ = {isa = PBXBuildFile; fileRef = 7B3CDF3B2430A267006FB667 /* SequentialQuestionStrategy.swift */; };
		7B3CDF3E2430A453006FB667 /* RandomQuestionStrategy.swift in Sources */ = {isa = PBXBuildFile; fileRef = 7B3CDF3D2430A453006FB667 /* RandomQuestionStrategy.swift */; };
		7B3CDF402430B4E9006FB667 /* AppSettings.swift in Sources */ = {isa = PBXBuildFile; fileRef = 7B3CDF3F2430B4E9006FB667 /* AppSettings.swift */; };
		7B3CDF422431FF33006FB667 /* AppSettingsViewController.swift in Sources */ = {isa = PBXBuildFile; fileRef = 7B3CDF412431FF33006FB667 /* AppSettingsViewController.swift */; };
		7BEAB114242F3AEC00165B32 /* AppDelegate.swift in Sources */ = {isa = PBXBuildFile; fileRef = 7BEAB113242F3AEC00165B32 /* AppDelegate.swift */; };
		7BEAB116242F3AEC00165B32 /* SceneDelegate.swift in Sources */ = {isa = PBXBuildFile; fileRef = 7BEAB115242F3AEC00165B32 /* SceneDelegate.swift */; };
		7BEAB118242F3AEC00165B32 /* QuestionViewController.swift in Sources */ = {isa = PBXBuildFile; fileRef = 7BEAB117242F3AEC00165B32 /* QuestionViewController.swift */; };
		7BEAB11B242F3AEC00165B32 /* Main.storyboard in Resources */ = {isa = PBXBuildFile; fileRef = 7BEAB119242F3AEC00165B32 /* Main.storyboard */; };
		7BEAB12D242F412900165B32 /* Question.swift in Sources */ = {isa = PBXBuildFile; fileRef = 7BEAB12C242F412900165B32 /* Question.swift */; };
		7BEAB12F242F41CC00165B32 /* QuestionGroup.swift in Sources */ = {isa = PBXBuildFile; fileRef = 7BEAB12E242F41CC00165B32 /* QuestionGroup.swift */; };
		7BEAB131242F424700165B32 /* QuestionGroupData.swift in Sources */ = {isa = PBXBuildFile; fileRef = 7BEAB130242F424700165B32 /* QuestionGroupData.swift */; };
		7BEAB133242F429F00165B32 /* Assets.xcassets in Resources */ = {isa = PBXBuildFile; fileRef = 7BEAB132242F429F00165B32 /* Assets.xcassets */; };
		7BEAB135242F42D800165B32 /* LaunchScreen.storyboard in Resources */ = {isa = PBXBuildFile; fileRef = 7BEAB134242F42D800165B32 /* LaunchScreen.storyboard */; };
		7BEAB137242F437B00165B32 /* QuestionView.swift in Sources */ = {isa = PBXBuildFile; fileRef = 7BEAB136242F437B00165B32 /* QuestionView.swift */; };
		7BEAB139242F4F1700165B32 /* SelectQuestionGroupViewController.swift in Sources */ = {isa = PBXBuildFile; fileRef = 7BEAB138242F4F1700165B32 /* SelectQuestionGroupViewController.swift */; };
		7BEAB13B242F547000165B32 /* QuestionGroupCell.swift in Sources */ = {isa = PBXBuildFile; fileRef = 7BEAB13A242F547000165B32 /* QuestionGroupCell.swift */; };
/* End PBXBuildFile section */

/* Begin PBXFileReference section */
		7B3CDF392430A093006FB667 /* QuestionStrategy.swift */ = {isa = PBXFileReference; lastKnownFileType = sourcecode.swift; path = QuestionStrategy.swift; sourceTree = "<group>"; };
		7B3CDF3B2430A267006FB667 /* SequentialQuestionStrategy.swift */ = {isa = PBXFileReference; lastKnownFileType = sourcecode.swift; path = SequentialQuestionStrategy.swift; sourceTree = "<group>"; };
		7B3CDF3D2430A453006FB667 /* RandomQuestionStrategy.swift */ = {isa = PBXFileReference; lastKnownFileType = sourcecode.swift; path = RandomQuestionStrategy.swift; sourceTree = "<group>"; };
		7B3CDF3F2430B4E9006FB667 /* AppSettings.swift */ = {isa = PBXFileReference; lastKnownFileType = sourcecode.swift; path = AppSettings.swift; sourceTree = "<group>"; };
		7B3CDF412431FF33006FB667 /* AppSettingsViewController.swift */ = {isa = PBXFileReference; lastKnownFileType = sourcecode.swift; path = AppSettingsViewController.swift; sourceTree = "<group>"; };
		7BEAB110242F3AEC00165B32 /* Rabble Wabble.app */ = {isa = PBXFileReference; explicitFileType = wrapper.application; includeInIndex = 0; path = "Rabble Wabble.app"; sourceTree = BUILT_PRODUCTS_DIR; };
		7BEAB113242F3AEC00165B32 /* AppDelegate.swift */ = {isa = PBXFileReference; lastKnownFileType = sourcecode.swift; path = AppDelegate.swift; sourceTree = "<group>"; };
		7BEAB115242F3AEC00165B32 /* SceneDelegate.swift */ = {isa = PBXFileReference; lastKnownFileType = sourcecode.swift; path = SceneDelegate.swift; sourceTree = "<group>"; };
		7BEAB117242F3AEC00165B32 /* QuestionViewController.swift */ = {isa = PBXFileReference; lastKnownFileType = sourcecode.swift; path = QuestionViewController.swift; sourceTree = "<group>"; };
		7BEAB11A242F3AEC00165B32 /* Base */ = {isa = PBXFileReference; lastKnownFileType = file.storyboard; name = Base; path = Base.lproj/Main.storyboard; sourceTree = "<group>"; };
		7BEAB121242F3AEE00165B32 /* Info.plist */ = {isa = PBXFileReference; lastKnownFileType = text.plist.xml; name = Info.plist; path = "Rabble Wabble/Resources/Info.plist"; sourceTree = SOURCE_ROOT; };
		7BEAB12C242F412900165B32 /* Question.swift */ = {isa = PBXFileReference; lastKnownFileType = sourcecode.swift; path = Question.swift; sourceTree = "<group>"; };
		7BEAB12E242F41CC00165B32 /* QuestionGroup.swift */ = {isa = PBXFileReference; lastKnownFileType = sourcecode.swift; path = QuestionGroup.swift; sourceTree = "<group>"; };
		7BEAB130242F424700165B32 /* QuestionGroupData.swift */ = {isa = PBXFileReference; fileEncoding = 4; lastKnownFileType = sourcecode.swift; path = QuestionGroupData.swift; sourceTree = "<group>"; };
		7BEAB132242F429F00165B32 /* Assets.xcassets */ = {isa = PBXFileReference; lastKnownFileType = folder.assetcatalog; name = Assets.xcassets; path = "../../../../../../Desktop/Design Patterns by Tutorials Learning design patterns in Swift 4.2, 2nd Edition/Design Patterns by Tutorials Learning design patterns in Swift 4.2, 2nd Edition_code/03-model-view-controller-pattern/resources/Assets.xcassets"; sourceTree = "<group>"; };
		7BEAB134242F42D800165B32 /* LaunchScreen.storyboard */ = {isa = PBXFileReference; fileEncoding = 4; lastKnownFileType = file.storyboard; path = LaunchScreen.storyboard; sourceTree = "<group>"; };
		7BEAB136242F437B00165B32 /* QuestionView.swift */ = {isa = PBXFileReference; lastKnownFileType = sourcecode.swift; path = QuestionView.swift; sourceTree = "<group>"; };
		7BEAB138242F4F1700165B32 /* SelectQuestionGroupViewController.swift */ = {isa = PBXFileReference; lastKnownFileType = sourcecode.swift; path = SelectQuestionGroupViewController.swift; sourceTree = "<group>"; };
		7BEAB13A242F547000165B32 /* QuestionGroupCell.swift */ = {isa = PBXFileReference; lastKnownFileType = sourcecode.swift; path = QuestionGroupCell.swift; sourceTree = "<group>"; };
/* End PBXFileReference section */

/* Begin PBXFrameworksBuildPhase section */
		7BEAB10D242F3AEC00165B32 /* Frameworks */ = {
			isa = PBXFrameworksBuildPhase;
			buildActionMask = 2147483647;
			files = (
			);
			runOnlyForDeploymentPostprocessing = 0;
		};
/* End PBXFrameworksBuildPhase section */

/* Begin PBXGroup section */
		7B3CDF382430A04A006FB667 /* Strategies */ = {
			isa = PBXGroup;
			children = (
				7B3CDF392430A093006FB667 /* QuestionStrategy.swift */,
				7B3CDF3B2430A267006FB667 /* SequentialQuestionStrategy.swift */,
				7B3CDF3D2430A453006FB667 /* RandomQuestionStrategy.swift */,
			);
			path = Strategies;
			sourceTree = "<group>";
		};
		7BEAB107242F3AEC00165B32 = {
			isa = PBXGroup;
			children = (
				7BEAB112242F3AEC00165B32 /* Rabble Wabble */,
				7BEAB111242F3AEC00165B32 /* Products */,
			);
			sourceTree = "<group>";
		};
		7BEAB111242F3AEC00165B32 /* Products */ = {
			isa = PBXGroup;
			children = (
				7BEAB110242F3AEC00165B32 /* Rabble Wabble.app */,
			);
			name = Products;
			sourceTree = "<group>";
		};
		7BEAB112242F3AEC00165B32 /* Rabble Wabble */ = {
			isa = PBXGroup;
			children = (
				7BEAB12B242F3C9F00165B32 /* AppDelegate */,
				7BEAB129242F3C7500165B32 /* Controllers */,
				7BEAB127242F3C6500165B32 /* Models */,
				7BEAB12A242F3C7C00165B32 /* Resources */,
				7B3CDF382430A04A006FB667 /* Strategies */,
				7BEAB128242F3C7000165B32 /* Views */,
			);
			path = "Rabble Wabble";
			sourceTree = "<group>";
		};
		7BEAB127242F3C6500165B32 /* Models */ = {
			isa = PBXGroup;
			children = (
				7BEAB12C242F412900165B32 /* Question.swift */,
				7BEAB12E242F41CC00165B32 /* QuestionGroup.swift */,
				7BEAB130242F424700165B32 /* QuestionGroupData.swift */,
				7B3CDF3F2430B4E9006FB667 /* AppSettings.swift */,
			);
			path = Models;
			sourceTree = "<group>";
		};
		7BEAB128242F3C7000165B32 /* Views */ = {
			isa = PBXGroup;
			children = (
				7BEAB119242F3AEC00165B32 /* Main.storyboard */,
				7BEAB134242F42D800165B32 /* LaunchScreen.storyboard */,
				7BEAB136242F437B00165B32 /* QuestionView.swift */,
				7BEAB13A242F547000165B32 /* QuestionGroupCell.swift */,
			);
			path = Views;
			sourceTree = "<group>";
		};
		7BEAB129242F3C7500165B32 /* Controllers */ = {
			isa = PBXGroup;
			children = (
				7BEAB117242F3AEC00165B32 /* QuestionViewController.swift */,
				7BEAB138242F4F1700165B32 /* SelectQuestionGroupViewController.swift */,
				7B3CDF412431FF33006FB667 /* AppSettingsViewController.swift */,
			);
			path = Controllers;
			sourceTree = "<group>";
		};
		7BEAB12A242F3C7C00165B32 /* Resources */ = {
			isa = PBXGroup;
			children = (
				7BEAB132242F429F00165B32 /* Assets.xcassets */,
				7BEAB121242F3AEE00165B32 /* Info.plist */,
			);
			path = Resources;
			sourceTree = "<group>";
		};
		7BEAB12B242F3C9F00165B32 /* AppDelegate */ = {
			isa = PBXGroup;
			children = (
				7BEAB113242F3AEC00165B32 /* AppDelegate.swift */,
				7BEAB115242F3AEC00165B32 /* SceneDelegate.swift */,
			);
			path = AppDelegate;
			sourceTree = "<group>";
		};
/* End PBXGroup section */

/* Begin PBXNativeTarget section */
		7BEAB10F242F3AEC00165B32 /* Rabble Wabble */ = {
			isa = PBXNativeTarget;
			buildConfigurationList = 7BEAB124242F3AEE00165B32 /* Build configuration list for PBXNativeTarget "Rabble Wabble" */;
			buildPhases = (
				7BEAB10C242F3AEC00165B32 /* Sources */,
				7BEAB10D242F3AEC00165B32 /* Frameworks */,
				7BEAB10E242F3AEC00165B32 /* Resources */,
			);
			buildRules = (
			);
			dependencies = (
			);
			name = "Rabble Wabble";
			productName = "Rabble Wabble";
			productReference = 7BEAB110242F3AEC00165B32 /* Rabble Wabble.app */;
			productType = "com.apple.product-type.application";
		};
/* End PBXNativeTarget section */

/* Begin PBXProject section */
		7BEAB108242F3AEC00165B32 /* Project object */ = {
			isa = PBXProject;
			attributes = {
				LastSwiftUpdateCheck = 1140;
				LastUpgradeCheck = 1140;
				ORGANIZATIONNAME = "Hoang Trong Kien";
				TargetAttributes = {
					7BEAB10F242F3AEC00165B32 = {
						CreatedOnToolsVersion = 11.4;
					};
				};
			};
			buildConfigurationList = 7BEAB10B242F3AEC00165B32 /* Build configuration list for PBXProject "Rabble Wabble" */;
			compatibilityVersion = "Xcode 9.3";
			developmentRegion = en;
			hasScannedForEncodings = 0;
			knownRegions = (
				en,
				Base,
			);
			mainGroup = 7BEAB107242F3AEC00165B32;
			productRefGroup = 7BEAB111242F3AEC00165B32 /* Products */;
			projectDirPath = "";
			projectRoot = "";
			targets = (
				7BEAB10F242F3AEC00165B32 /* Rabble Wabble */,
			);
		};
/* End PBXProject section */

/* Begin PBXResourcesBuildPhase section */
		7BEAB10E242F3AEC00165B32 /* Resources */ = {
			isa = PBXResourcesBuildPhase;
			buildActionMask = 2147483647;
			files = (
				7BEAB135242F42D800165B32 /* LaunchScreen.storyboard in Resources */,
				7BEAB133242F429F00165B32 /* Assets.xcassets in Resources */,
				7BEAB11B242F3AEC00165B32 /* Main.storyboard in Resources */,
			);
			runOnlyForDeploymentPostprocessing = 0;
		};
/* End PBXResourcesBuildPhase section */

/* Begin PBXSourcesBuildPhase section */
		7BEAB10C242F3AEC00165B32 /* Sources */ = {
			isa = PBXSourcesBuildPhase;
			buildActionMask = 2147483647;
			files = (
				7B3CDF402430B4E9006FB667 /* AppSettings.swift in Sources */,
				7BEAB118242F3AEC00165B32 /* QuestionViewController.swift in Sources */,
				7BEAB12D242F412900165B32 /* Question.swift in Sources */,
				7BEAB114242F3AEC00165B32 /* AppDelegate.swift in Sources */,
				7BEAB137242F437B00165B32 /* QuestionView.swift in Sources */,
				7BEAB139242F4F1700165B32 /* SelectQuestionGroupViewController.swift in Sources */,
				7BEAB13B242F547000165B32 /* QuestionGroupCell.swift in Sources */,
				7B3CDF3C2430A267006FB667 /* SequentialQuestionStrategy.swift in Sources */,
				7B3CDF3E2430A453006FB667 /* RandomQuestionStrategy.swift in Sources */,
				7B3CDF3A2430A093006FB667 /* QuestionStrategy.swift in Sources */,
				7BEAB131242F424700165B32 /* QuestionGroupData.swift in Sources */,
				7B3CDF422431FF33006FB667 /* AppSettingsViewController.swift in Sources */,
				7BEAB12F242F41CC00165B32 /* QuestionGroup.swift in Sources */,
				7BEAB116242F3AEC00165B32 /* SceneDelegate.swift in Sources */,
			);
			runOnlyForDeploymentPostprocessing = 0;
		};
/* End PBXSourcesBuildPhase section */

/* Begin PBXVariantGroup section */
		7BEAB119242F3AEC00165B32 /* Main.storyboard */ = {
			isa = PBXVariantGroup;
			children = (
				7BEAB11A242F3AEC00165B32 /* Base */,
			);
			name = Main.storyboard;
			sourceTree = "<group>";
		};
/* End PBXVariantGroup section */

/* Begin XCBuildConfiguration section */
		7BEAB122242F3AEE00165B32 /* Debug */ = {
			isa = XCBuildConfiguration;
			buildSettings = {
				ALWAYS_SEARCH_USER_PATHS = NO;
				CLANG_ANALYZER_NONNULL = YES;
				CLANG_ANALYZER_NUMBER_OBJECT_CONVERSION = YES_AGGRESSIVE;
				CLANG_CXX_LANGUAGE_STANDARD = "gnu++14";
				CLANG_CXX_LIBRARY = "libc++";
				CLANG_ENABLE_MODULES = YES;
				CLANG_ENABLE_OBJC_ARC = YES;
				CLANG_ENABLE_OBJC_WEAK = YES;
				CLANG_WARN_BLOCK_CAPTURE_AUTORELEASING = YES;
				CLANG_WARN_BOOL_CONVERSION = YES;
				CLANG_WARN_COMMA = YES;
				CLANG_WARN_CONSTANT_CONVERSION = YES;
				CLANG_WARN_DEPRECATED_OBJC_IMPLEMENTATIONS = YES;
				CLANG_WARN_DIRECT_OBJC_ISA_USAGE = YES_ERROR;
				CLANG_WARN_DOCUMENTATION_COMMENTS = YES;
				CLANG_WARN_EMPTY_BODY = YES;
				CLANG_WARN_ENUM_CONVERSION = YES;
				CLANG_WARN_INFINITE_RECURSION = YES;
				CLANG_WARN_INT_CONVERSION = YES;
				CLANG_WARN_NON_LITERAL_NULL_CONVERSION = YES;
				CLANG_WARN_OBJC_IMPLICIT_RETAIN_SELF = YES;
				CLANG_WARN_OBJC_LITERAL_CONVERSION = YES;
				CLANG_WARN_OBJC_ROOT_CLASS = YES_ERROR;
				CLANG_WARN_RANGE_LOOP_ANALYSIS = YES;
				CLANG_WARN_STRICT_PROTOTYPES = YES;
				CLANG_WARN_SUSPICIOUS_MOVE = YES;
				CLANG_WARN_UNGUARDED_AVAILABILITY = YES_AGGRESSIVE;
				CLANG_WARN_UNREACHABLE_CODE = YES;
				CLANG_WARN__DUPLICATE_METHOD_MATCH = YES;
				COPY_PHASE_STRIP = NO;
				DEBUG_INFORMATION_FORMAT = dwarf;
				ENABLE_STRICT_OBJC_MSGSEND = YES;
				ENABLE_TESTABILITY = YES;
				GCC_C_LANGUAGE_STANDARD = gnu11;
				GCC_DYNAMIC_NO_PIC = NO;
				GCC_NO_COMMON_BLOCKS = YES;
				GCC_OPTIMIZATION_LEVEL = 0;
				GCC_PREPROCESSOR_DEFINITIONS = (
					"DEBUG=1",
					"$(inherited)",
				);
				GCC_WARN_64_TO_32_BIT_CONVERSION = YES;
				GCC_WARN_ABOUT_RETURN_TYPE = YES_ERROR;
				GCC_WARN_UNDECLARED_SELECTOR = YES;
				GCC_WARN_UNINITIALIZED_AUTOS = YES_AGGRESSIVE;
				GCC_WARN_UNUSED_FUNCTION = YES;
				GCC_WARN_UNUSED_VARIABLE = YES;
				IPHONEOS_DEPLOYMENT_TARGET = 13.4;
				MTL_ENABLE_DEBUG_INFO = INCLUDE_SOURCE;
				MTL_FAST_MATH = YES;
				ONLY_ACTIVE_ARCH = YES;
				SDKROOT = iphoneos;
				SWIFT_ACTIVE_COMPILATION_CONDITIONS = DEBUG;
				SWIFT_OPTIMIZATION_LEVEL = "-Onone";
			};
			name = Debug;
		};
		7BEAB123242F3AEE00165B32 /* Release */ = {
			isa = XCBuildConfiguration;
			buildSettings = {
				ALWAYS_SEARCH_USER_PATHS = NO;
				CLANG_ANALYZER_NONNULL = YES;
				CLANG_ANALYZER_NUMBER_OBJECT_CONVERSION = YES_AGGRESSIVE;
				CLANG_CXX_LANGUAGE_STANDARD = "gnu++14";
				CLANG_CXX_LIBRARY = "libc++";
				CLANG_ENABLE_MODULES = YES;
				CLANG_ENABLE_OBJC_ARC = YES;
				CLANG_ENABLE_OBJC_WEAK = YES;
				CLANG_WARN_BLOCK_CAPTURE_AUTORELEASING = YES;
				CLANG_WARN_BOOL_CONVERSION = YES;
				CLANG_WARN_COMMA = YES;
				CLANG_WARN_CONSTANT_CONVERSION = YES;
				CLANG_WARN_DEPRECATED_OBJC_IMPLEMENTATIONS = YES;
				CLANG_WARN_DIRECT_OBJC_ISA_USAGE = YES_ERROR;
				CLANG_WARN_DOCUMENTATION_COMMENTS = YES;
				CLANG_WARN_EMPTY_BODY = YES;
				CLANG_WARN_ENUM_CONVERSION = YES;
				CLANG_WARN_INFINITE_RECURSION = YES;
				CLANG_WARN_INT_CONVERSION = YES;
				CLANG_WARN_NON_LITERAL_NULL_CONVERSION = YES;
				CLANG_WARN_OBJC_IMPLICIT_RETAIN_SELF = YES;
				CLANG_WARN_OBJC_LITERAL_CONVERSION = YES;
				CLANG_WARN_OBJC_ROOT_CLASS = YES_ERROR;
				CLANG_WARN_RANGE_LOOP_ANALYSIS = YES;
				CLANG_WARN_STRICT_PROTOTYPES = YES;
				CLANG_WARN_SUSPICIOUS_MOVE = YES;
				CLANG_WARN_UNGUARDED_AVAILABILITY = YES_AGGRESSIVE;
				CLANG_WARN_UNREACHABLE_CODE = YES;
				CLANG_WARN__DUPLICATE_METHOD_MATCH = YES;
				COPY_PHASE_STRIP = NO;
				DEBUG_INFORMATION_FORMAT = "dwarf-with-dsym";
				ENABLE_NS_ASSERTIONS = NO;
				ENABLE_STRICT_OBJC_MSGSEND = YES;
				GCC_C_LANGUAGE_STANDARD = gnu11;
				GCC_NO_COMMON_BLOCKS = YES;
				GCC_WARN_64_TO_32_BIT_CONVERSION = YES;
				GCC_WARN_ABOUT_RETURN_TYPE = YES_ERROR;
				GCC_WARN_UNDECLARED_SELECTOR = YES;
				GCC_WARN_UNINITIALIZED_AUTOS = YES_AGGRESSIVE;
				GCC_WARN_UNUSED_FUNCTION = YES;
				GCC_WARN_UNUSED_VARIABLE = YES;
				IPHONEOS_DEPLOYMENT_TARGET = 13.4;
				MTL_ENABLE_DEBUG_INFO = NO;
				MTL_FAST_MATH = YES;
				SDKROOT = iphoneos;
				SWIFT_COMPILATION_MODE = wholemodule;
				SWIFT_OPTIMIZATION_LEVEL = "-O";
				VALIDATE_PRODUCT = YES;
			};
			name = Release;
		};
		7BEAB125242F3AEE00165B32 /* Debug */ = {
			isa = XCBuildConfiguration;
			buildSettings = {
				ASSETCATALOG_COMPILER_APPICON_NAME = AppIcon;
				CODE_SIGN_STYLE = Automatic;
				DEVELOPMENT_TEAM = "";
				INFOPLIST_FILE = "Rabble Wabble/Resources/Info.plist";
				LD_RUNPATH_SEARCH_PATHS = (
					"$(inherited)",
					"@executable_path/Frameworks",
				);
				PRODUCT_BUNDLE_IDENTIFIER = "com.htkien.Rabble-Wabble";
				PRODUCT_NAME = "$(TARGET_NAME)";
				SWIFT_VERSION = 5.0;
				TARGETED_DEVICE_FAMILY = "1,2";
			};
			name = Debug;
		};
		7BEAB126242F3AEE00165B32 /* Release */ = {
			isa = XCBuildConfiguration;
			buildSettings = {
				ASSETCATALOG_COMPILER_APPICON_NAME = AppIcon;
				CODE_SIGN_STYLE = Automatic;
				DEVELOPMENT_TEAM = "";
				INFOPLIST_FILE = "Rabble Wabble/Resources/Info.plist";
				LD_RUNPATH_SEARCH_PATHS = (
					"$(inherited)",
					"@executable_path/Frameworks",
				);
				PRODUCT_BUNDLE_IDENTIFIER = "com.htkien.Rabble-Wabble";
				PRODUCT_NAME = "$(TARGET_NAME)";
				SWIFT_VERSION = 5.0;
				TARGETED_DEVICE_FAMILY = "1,2";
			};
			name = Release;
		};
/* End XCBuildConfiguration section */

/* Begin XCConfigurationList section */
		7BEAB10B242F3AEC00165B32 /* Build configuration list for PBXProject "Rabble Wabble" */ = {
			isa = XCConfigurationList;
			buildConfigurations = (
				7BEAB122242F3AEE00165B32 /* Debug */,
				7BEAB123242F3AEE00165B32 /* Release */,
			);
			defaultConfigurationIsVisible = 0;
			defaultConfigurationName = Release;
		};
		7BEAB124242F3AEE00165B32 /* Build configuration list for PBXNativeTarget "Rabble Wabble" */ = {
			isa = XCConfigurationList;
			buildConfigurations = (
				7BEAB125242F3AEE00165B32 /* Debug */,
				7BEAB126242F3AEE00165B32 /* Release */,
			);
			defaultConfigurationIsVisible = 0;
			defaultConfigurationName = Release;
		};
/* End XCConfigurationList section */
	};
	rootObject = 7BEAB108242F3AEC00165B32 /* Project object */;
}
